{
  "name": "LAST-WEEK",
  "lockfileVersion": 3,
  "requires": true,
  "packages": {
    "": {
      "dependencies": {
        "kind-tiger": "^1.0.1"
      }
    },
    "node_modules/kind-tiger": {
      "version": "1.0.1",
      "resolved": "https://registry.npmjs.org/kind-tiger/-/kind-tiger-1.0.1.tgz",
      "integrity": "sha512-rBKnYqU+0uqPxdL8DxdUun7AVFWlnfQxQa3JVIftxQ298WQUKcZWbRc18geNOvmRESyO+A+qVJor+x9YEqv4dQ=="
    }
  }
}
